<?xml version="1.0" encoding="utf-8"?>
<Project ToolsVersion="4.0" xmlns="http://schemas.microsoft.com/developer/msbuild/2003">
  <ItemGroup>
    <Filter Include="Source Files">
      <UniqueIdentifier>{295b7878-3d75-4e83-9383-cd01546861e4}</UniqueIdentifier>
      <Extensions>cpp;c;cxx;rc;def;r;odl;idl;hpj;bat</Extensions>
    </Filter>
    <Filter Include="Header Files">
      <UniqueIdentifier>{2eb15e57-d923-4c4e-998b-fd85dd34b7e4}</UniqueIdentifier>
      <Extensions>h;hpp;hxx;hm;inl</Extensions>
    </Filter>
    <Filter Include="Resource Files">
      <UniqueIdentifier>{5a815476-14dc-45aa-832e-f7131ae51fde}</UniqueIdentifier>
      <Extensions>ico;cur;bmp;dlg;rc2;rct;bin;rgs;gif;jpg;jpeg;jpe</Extensions>
    </Filter>
  </ItemGroup>
  <ItemGroup>
    <ClCompile Include="10th.cpp">
      <Filter>Source Files</Filter>
    </ClCompile>
    <ClCompile Include="11st.cpp">
      <Filter>Source Files</Filter>
    </ClCompile>
    <ClCompile Include="12nd.cpp">
      <Filter>Source Files</Filter>
    </ClCompile>
    <ClCompile Include="13rd.cpp">
      <Filter>Source Files</Filter>
    </ClCompile>
    <ClCompile Include="1st.cpp">
      <Filter>Source Files</Filter>
    </ClCompile>
    <ClCompile Include="2nd.cpp">
      <Filter>Source Files</Filter>
    </ClCompile>
    <ClCompile Include="3rd.cpp">
      <Filter>Source Files</Filter>
    </ClCompile>
    <ClCompile Include="4th.cpp">
      <Filter>Source Files</Filter>
    </ClCompile>
    <ClCompile Include="5th.cpp">
      <Filter>Source Files</Filter>
    </ClCompile>
    <ClCompile Include="6th.cpp">
      <Filter>Source Files</Filter>
    </ClCompile>
    <ClCompile Include="7th.cpp">
      <Filter>Source Files</Filter>
    </ClCompile>
    <ClCompile Include="8th.cpp">
      <Filter>Source Files</Filter>
    </ClCompile>
    <ClCompile Include="9th.cpp">
      <Filter>Source Files</Filter>
    </ClCompile>
  </ItemGroup>
</Project>